// !$*UTF8*$!
{
	archiveVersion = 1;
	classes = {
	};
	objectVersion = 48;
	objects = {

/* Begin PBXBuildFile section */
		7C53E2072013452800D837B2 /* main.cpp in Sources */ = {isa = PBXBuildFile; fileRef = 7C53E2062013452800D837B2 /* main.cpp */; };
		7C53E2242013458600D837B2 /* libPocoNet.51.dylib in Frameworks */ = {isa = PBXBuildFile; fileRef = 7C53E20E2013458600D837B2 /* libPocoNet.51.dylib */; };
		7C53E2252013458600D837B2 /* libPocoCryptod.51.dylib in Frameworks */ = {isa = PBXBuildFile; fileRef = 7C53E20F2013458600D837B2 /* libPocoCryptod.51.dylib */; };
		7C53E2262013458600D837B2 /* libPocoFoundation.51.dylib in Frameworks */ = {isa = PBXBuildFile; fileRef = 7C53E2102013458600D837B2 /* libPocoFoundation.51.dylib */; };
		7C53E2272013458600D837B2 /* libPocoXMLd.51.dylib in Frameworks */ = {isa = PBXBuildFile; fileRef = 7C53E2112013458600D837B2 /* libPocoXMLd.51.dylib */; };
		7C53E2282013458600D837B2 /* libPocoNetSSLd.51.dylib in Frameworks */ = {isa = PBXBuildFile; fileRef = 7C53E2122013458600D837B2 /* libPocoNetSSLd.51.dylib */; };
		7C53E2292013458600D837B2 /* libPocoFoundationd.51.dylib in Frameworks */ = {isa = PBXBuildFile; fileRef = 7C53E2132013458600D837B2 /* libPocoFoundationd.51.dylib */; };
		7C53E22A2013458600D837B2 /* libPocoDataSQLite.51.dylib in Frameworks */ = {isa = PBXBuildFile; fileRef = 7C53E2142013458600D837B2 /* libPocoDataSQLite.51.dylib */; };
		7C53E22B2013458600D837B2 /* libPocoNetSSL.51.dylib in Frameworks */ = {isa = PBXBuildFile; fileRef = 7C53E2152013458600D837B2 /* libPocoNetSSL.51.dylib */; };
		7C53E22C2013458600D837B2 /* libPocoCrypto.51.dylib in Frameworks */ = {isa = PBXBuildFile; fileRef = 7C53E2162013458600D837B2 /* libPocoCrypto.51.dylib */; };
		7C53E22D2013458600D837B2 /* libPocoNetd.51.dylib in Frameworks */ = {isa = PBXBuildFile; fileRef = 7C53E2172013458600D837B2 /* libPocoNetd.51.dylib */; };
		7C53E22E2013458600D837B2 /* libPocoRedisd.51.dylib in Frameworks */ = {isa = PBXBuildFile; fileRef = 7C53E2182013458600D837B2 /* libPocoRedisd.51.dylib */; };
		7C53E22F2013458600D837B2 /* libPocoUtil.51.dylib in Frameworks */ = {isa = PBXBuildFile; fileRef = 7C53E2192013458600D837B2 /* libPocoUtil.51.dylib */; };
		7C53E2302013458600D837B2 /* libPocoXML.51.dylib in Frameworks */ = {isa = PBXBuildFile; fileRef = 7C53E21A2013458600D837B2 /* libPocoXML.51.dylib */; };
		7C53E2312013458600D837B2 /* libPocoZipd.51.dylib in Frameworks */ = {isa = PBXBuildFile; fileRef = 7C53E21B2013458600D837B2 /* libPocoZipd.51.dylib */; };
		7C53E2322013458600D837B2 /* libPocoJSONd.51.dylib in Frameworks */ = {isa = PBXBuildFile; fileRef = 7C53E21C2013458600D837B2 /* libPocoJSONd.51.dylib */; };
		7C53E2332013458600D837B2 /* libPocoZip.51.dylib in Frameworks */ = {isa = PBXBuildFile; fileRef = 7C53E21D2013458600D837B2 /* libPocoZip.51.dylib */; };
		7C53E2342013458600D837B2 /* libPocoUtild.51.dylib in Frameworks */ = {isa = PBXBuildFile; fileRef = 7C53E21E2013458600D837B2 /* libPocoUtild.51.dylib */; };
		7C53E2352013458600D837B2 /* libPocoData.51.dylib in Frameworks */ = {isa = PBXBuildFile; fileRef = 7C53E21F2013458600D837B2 /* libPocoData.51.dylib */; };
		7C53E2362013458600D837B2 /* libPocoDatad.51.dylib in Frameworks */ = {isa = PBXBuildFile; fileRef = 7C53E2202013458600D837B2 /* libPocoDatad.51.dylib */; };
		7C53E2372013458600D837B2 /* libPocoDataSQLited.51.dylib in Frameworks */ = {isa = PBXBuildFile; fileRef = 7C53E2212013458600D837B2 /* libPocoDataSQLited.51.dylib */; };
		7C53E2382013458600D837B2 /* libPocoRedis.51.dylib in Frameworks */ = {isa = PBXBuildFile; fileRef = 7C53E2222013458600D837B2 /* libPocoRedis.51.dylib */; };
		7C53E2392013458600D837B2 /* libPocoJSON.51.dylib in Frameworks */ = {isa = PBXBuildFile; fileRef = 7C53E2232013458600D837B2 /* libPocoJSON.51.dylib */; };
		7C53E23A2013459300D837B2 /* libPocoCrypto.51.dylib in CopyFiles */ = {isa = PBXBuildFile; fileRef = 7C53E2162013458600D837B2 /* libPocoCrypto.51.dylib */; settings = {ATTRIBUTES = (CodeSignOnCopy, ); }; };
		7C53E23B2013459300D837B2 /* libPocoCryptod.51.dylib in CopyFiles */ = {isa = PBXBuildFile; fileRef = 7C53E20F2013458600D837B2 /* libPocoCryptod.51.dylib */; settings = {ATTRIBUTES = (CodeSignOnCopy, ); }; };
		7C53E23C2013459300D837B2 /* libPocoData.51.dylib in CopyFiles */ = {isa = PBXBuildFile; fileRef = 7C53E21F2013458600D837B2 /* libPocoData.51.dylib */; settings = {ATTRIBUTES = (CodeSignOnCopy, ); }; };
		7C53E23D2013459300D837B2 /* libPocoDatad.51.dylib in CopyFiles */ = {isa = PBXBuildFile; fileRef = 7C53E2202013458600D837B2 /* libPocoDatad.51.dylib */; settings = {ATTRIBUTES = (CodeSignOnCopy, ); }; };
		7C53E23E2013459300D837B2 /* libPocoDataSQLite.51.dylib in CopyFiles */ = {isa = PBXBuildFile; fileRef = 7C53E2142013458600D837B2 /* libPocoDataSQLite.51.dylib */; settings = {ATTRIBUTES = (CodeSignOnCopy, ); }; };
		7C53E23F2013459300D837B2 /* libPocoDataSQLited.51.dylib in CopyFiles */ = {isa = PBXBuildFile; fileRef = 7C53E2212013458600D837B2 /* libPocoDataSQLited.51.dylib */; settings = {ATTRIBUTES = (CodeSignOnCopy, ); }; };
		7C53E2402013459300D837B2 /* libPocoFoundation.51.dylib in CopyFiles */ = {isa = PBXBuildFile; fileRef = 7C53E2102013458600D837B2 /* libPocoFoundation.51.dylib */; settings = {ATTRIBUTES = (CodeSignOnCopy, ); }; };
		7C53E2412013459300D837B2 /* libPocoFoundationd.51.dylib in CopyFiles */ = {isa = PBXBuildFile; fileRef = 7C53E2132013458600D837B2 /* libPocoFoundationd.51.dylib */; settings = {ATTRIBUTES = (CodeSignOnCopy, ); }; };
		7C53E2422013459300D837B2 /* libPocoJSON.51.dylib in CopyFiles */ = {isa = PBXBuildFile; fileRef = 7C53E2232013458600D837B2 /* libPocoJSON.51.dylib */; settings = {ATTRIBUTES = (CodeSignOnCopy, ); }; };
		7C53E2432013459300D837B2 /* libPocoJSONd.51.dylib in CopyFiles */ = {isa = PBXBuildFile; fileRef = 7C53E21C2013458600D837B2 /* libPocoJSONd.51.dylib */; settings = {ATTRIBUTES = (CodeSignOnCopy, ); }; };
		7C53E2442013459300D837B2 /* libPocoNet.51.dylib in CopyFiles */ = {isa = PBXBuildFile; fileRef = 7C53E20E2013458600D837B2 /* libPocoNet.51.dylib */; settings = {ATTRIBUTES = (CodeSignOnCopy, ); }; };
		7C53E2452013459300D837B2 /* libPocoNetd.51.dylib in CopyFiles */ = {isa = PBXBuildFile; fileRef = 7C53E2172013458600D837B2 /* libPocoNetd.51.dylib */; settings = {ATTRIBUTES = (CodeSignOnCopy, ); }; };
		7C53E2462013459300D837B2 /* libPocoNetSSL.51.dylib in CopyFiles */ = {isa = PBXBuildFile; fileRef = 7C53E2152013458600D837B2 /* libPocoNetSSL.51.dylib */; settings = {ATTRIBUTES = (CodeSignOnCopy, ); }; };
		7C53E2472013459300D837B2 /* libPocoNetSSLd.51.dylib in CopyFiles */ = {isa = PBXBuildFile; fileRef = 7C53E2122013458600D837B2 /* libPocoNetSSLd.51.dylib */; settings = {ATTRIBUTES = (CodeSignOnCopy, ); }; };
		7C53E2482013459300D837B2 /* libPocoRedis.51.dylib in CopyFiles */ = {isa = PBXBuildFile; fileRef = 7C53E2222013458600D837B2 /* libPocoRedis.51.dylib */; settings = {ATTRIBUTES = (CodeSignOnCopy, ); }; };
		7C53E2492013459300D837B2 /* libPocoRedisd.51.dylib in CopyFiles */ = {isa = PBXBuildFile; fileRef = 7C53E2182013458600D837B2 /* libPocoRedisd.51.dylib */; settings = {ATTRIBUTES = (CodeSignOnCopy, ); }; };
		7C53E24A2013459300D837B2 /* libPocoUtil.51.dylib in CopyFiles */ = {isa = PBXBuildFile; fileRef = 7C53E2192013458600D837B2 /* libPocoUtil.51.dylib */; settings = {ATTRIBUTES = (CodeSignOnCopy, ); }; };
		7C53E24B2013459300D837B2 /* libPocoUtild.51.dylib in CopyFiles */ = {isa = PBXBuildFile; fileRef = 7C53E21E2013458600D837B2 /* libPocoUtild.51.dylib */; settings = {ATTRIBUTES = (CodeSignOnCopy, ); }; };
		7C53E24C2013459300D837B2 /* libPocoXML.51.dylib in CopyFiles */ = {isa = PBXBuildFile; fileRef = 7C53E21A2013458600D837B2 /* libPocoXML.51.dylib */; settings = {ATTRIBUTES = (CodeSignOnCopy, ); }; };
		7C53E24D2013459300D837B2 /* libPocoXMLd.51.dylib in CopyFiles */ = {isa = PBXBuildFile; fileRef = 7C53E2112013458600D837B2 /* libPocoXMLd.51.dylib */; settings = {ATTRIBUTES = (CodeSignOnCopy, ); }; };
		7C53E24E2013459300D837B2 /* libPocoZip.51.dylib in CopyFiles */ = {isa = PBXBuildFile; fileRef = 7C53E21D2013458600D837B2 /* libPocoZip.51.dylib */; settings = {ATTRIBUTES = (CodeSignOnCopy, ); }; };
		7C53E24F2013459300D837B2 /* libPocoZipd.51.dylib in CopyFiles */ = {isa = PBXBuildFile; fileRef = 7C53E21B2013458600D837B2 /* libPocoZipd.51.dylib */; settings = {ATTRIBUTES = (CodeSignOnCopy, ); }; };
/* End PBXBuildFile section */

/* Begin PBXCopyFilesBuildPhase section */
		7C53E2012013452800D837B2 /* CopyFiles */ = {
			isa = PBXCopyFilesBuildPhase;
			buildActionMask = 12;
			dstPath = "";
			dstSubfolderSpec = 10;
			files = (
				7C53E23A2013459300D837B2 /* libPocoCrypto.51.dylib in CopyFiles */,
				7C53E23B2013459300D837B2 /* libPocoCryptod.51.dylib in CopyFiles */,
				7C53E23C2013459300D837B2 /* libPocoData.51.dylib in CopyFiles */,
				7C53E23D2013459300D837B2 /* libPocoDatad.51.dylib in CopyFiles */,
				7C53E23E2013459300D837B2 /* libPocoDataSQLite.51.dylib in CopyFiles */,
				7C53E23F2013459300D837B2 /* libPocoDataSQLited.51.dylib in CopyFiles */,
				7C53E2402013459300D837B2 /* libPocoFoundation.51.dylib in CopyFiles */,
				7C53E2412013459300D837B2 /* libPocoFoundationd.51.dylib in CopyFiles */,
				7C53E2422013459300D837B2 /* libPocoJSON.51.dylib in CopyFiles */,
				7C53E2432013459300D837B2 /* libPocoJSONd.51.dylib in CopyFiles */,
				7C53E2442013459300D837B2 /* libPocoNet.51.dylib in CopyFiles */,
				7C53E2452013459300D837B2 /* libPocoNetd.51.dylib in CopyFiles */,
				7C53E2462013459300D837B2 /* libPocoNetSSL.51.dylib in CopyFiles */,
				7C53E2472013459300D837B2 /* libPocoNetSSLd.51.dylib in CopyFiles */,
				7C53E2482013459300D837B2 /* libPocoRedis.51.dylib in CopyFiles */,
				7C53E2492013459300D837B2 /* libPocoRedisd.51.dylib in CopyFiles */,
				7C53E24A2013459300D837B2 /* libPocoUtil.51.dylib in CopyFiles */,
				7C53E24B2013459300D837B2 /* libPocoUtild.51.dylib in CopyFiles */,
				7C53E24C2013459300D837B2 /* libPocoXML.51.dylib in CopyFiles */,
				7C53E24D2013459300D837B2 /* libPocoXMLd.51.dylib in CopyFiles */,
				7C53E24E2013459300D837B2 /* libPocoZip.51.dylib in CopyFiles */,
				7C53E24F2013459300D837B2 /* libPocoZipd.51.dylib in CopyFiles */,
			);
			runOnlyForDeploymentPostprocessing = 0;
		};
/* End PBXCopyFilesBuildPhase section */

/* Begin PBXFileReference section */
		7C53E2032013452800D837B2 /* Poco_Json_Convert_2 */ = {isa = PBXFileReference; explicitFileType = "compiled.mach-o.executable"; includeInIndex = 0; path = Poco_Json_Convert_2; sourceTree = BUILT_PRODUCTS_DIR; };
		7C53E2062013452800D837B2 /* main.cpp */ = {isa = PBXFileReference; lastKnownFileType = sourcecode.cpp.cpp; path = main.cpp; sourceTree = "<group>"; };
		7C53E20E2013458600D837B2 /* libPocoNet.51.dylib */ = {isa = PBXFileReference; lastKnownFileType = "compiled.mach-o.dylib"; name = libPocoNet.51.dylib; path = "../../../../Downloads/poco-1.8.1-all/lib/Darwin/x86_64/libPocoNet.51.dylib"; sourceTree = "<group>"; };
		7C53E20F2013458600D837B2 /* libPocoCryptod.51.dylib */ = {isa = PBXFileReference; lastKnownFileType = "compiled.mach-o.dylib"; name = libPocoCryptod.51.dylib; path = "../../../../Downloads/poco-1.8.1-all/lib/Darwin/x86_64/libPocoCryptod.51.dylib"; sourceTree = "<group>"; };
		7C53E2102013458600D837B2 /* libPocoFoundation.51.dylib */ = {isa = PBXFileReference; lastKnownFileType = "compiled.mach-o.dylib"; name = libPocoFoundation.51.dylib; path = "../../../../Downloads/poco-1.8.1-all/lib/Darwin/x86_64/libPocoFoundation.51.dylib"; sourceTree = "<group>"; };
		7C53E2112013458600D837B2 /* libPocoXMLd.51.dylib */ = {isa = PBXFileReference; lastKnownFileType = "compiled.mach-o.dylib"; name = libPocoXMLd.51.dylib; path = "../../../../Downloads/poco-1.8.1-all/lib/Darwin/x86_64/libPocoXMLd.51.dylib"; sourceTree = "<group>"; };
		7C53E2122013458600D837B2 /* libPocoNetSSLd.51.dylib */ = {isa = PBXFileReference; lastKnownFileType = "compiled.mach-o.dylib"; name = libPocoNetSSLd.51.dylib; path = "../../../../Downloads/poco-1.8.1-all/lib/Darwin/x86_64/libPocoNetSSLd.51.dylib"; sourceTree = "<group>"; };
		7C53E2132013458600D837B2 /* libPocoFoundationd.51.dylib */ = {isa = PBXFileReference; lastKnownFileType = "compiled.mach-o.dylib"; name = libPocoFoundationd.51.dylib; path = "../../../../Downloads/poco-1.8.1-all/lib/Darwin/x86_64/libPocoFoundationd.51.dylib"; sourceTree = "<group>"; };
		7C53E2142013458600D837B2 /* libPocoDataSQLite.51.dylib */ = {isa = PBXFileReference; lastKnownFileType = "compiled.mach-o.dylib"; name = libPocoDataSQLite.51.dylib; path = "../../../../Downloads/poco-1.8.1-all/lib/Darwin/x86_64/libPocoDataSQLite.51.dylib"; sourceTree = "<group>"; };
		7C53E2152013458600D837B2 /* libPocoNetSSL.51.dylib */ = {isa = PBXFileReference; lastKnownFileType = "compiled.mach-o.dylib"; name = libPocoNetSSL.51.dylib; path = "../../../../Downloads/poco-1.8.1-all/lib/Darwin/x86_64/libPocoNetSSL.51.dylib"; sourceTree = "<group>"; };
		7C53E2162013458600D837B2 /* libPocoCrypto.51.dylib */ = {isa = PBXFileReference; lastKnownFileType = "compiled.mach-o.dylib"; name = libPocoCrypto.51.dylib; path = "../../../../Downloads/poco-1.8.1-all/lib/Darwin/x86_64/libPocoCrypto.51.dylib"; sourceTree = "<group>"; };
		7C53E2172013458600D837B2 /* libPocoNetd.51.dylib */ = {isa = PBXFileReference; lastKnownFileType = "compiled.mach-o.dylib"; name = libPocoNetd.51.dylib; path = "../../../../Downloads/poco-1.8.1-all/lib/Darwin/x86_64/libPocoNetd.51.dylib"; sourceTree = "<group>"; };
		7C53E2182013458600D837B2 /* libPocoRedisd.51.dylib */ = {isa = PBXFileReference; lastKnownFileType = "compiled.mach-o.dylib"; name = libPocoRedisd.51.dylib; path = "../../../../Downloads/poco-1.8.1-all/lib/Darwin/x86_64/libPocoRedisd.51.dylib"; sourceTree = "<group>"; };
		7C53E2192013458600D837B2 /* libPocoUtil.51.dylib */ = {isa = PBXFileReference; lastKnownFileType = "compiled.mach-o.dylib"; name = libPocoUtil.51.dylib; path = "../../../../Downloads/poco-1.8.1-all/lib/Darwin/x86_64/libPocoUtil.51.dylib"; sourceTree = "<group>"; };
		7C53E21A2013458600D837B2 /* libPocoXML.51.dylib */ = {isa = PBXFileReference; lastKnownFileType = "compiled.mach-o.dylib"; name = libPocoXML.51.dylib; path = "../../../../Downloads/poco-1.8.1-all/lib/Darwin/x86_64/libPocoXML.51.dylib"; sourceTree = "<group>"; };
		7C53E21B2013458600D837B2 /* libPocoZipd.51.dylib */ = {isa = PBXFileReference; lastKnownFileType = "compiled.mach-o.dylib"; name = libPocoZipd.51.dylib; path = "../../../../Downloads/poco-1.8.1-all/lib/Darwin/x86_64/libPocoZipd.51.dylib"; sourceTree = "<group>"; };
		7C53E21C2013458600D837B2 /* libPocoJSONd.51.dylib */ = {isa = PBXFileReference; lastKnownFileType = "compiled.mach-o.dylib"; name = libPocoJSONd.51.dylib; path = "../../../../Downloads/poco-1.8.1-all/lib/Darwin/x86_64/libPocoJSONd.51.dylib"; sourceTree = "<group>"; };
		7C53E21D2013458600D837B2 /* libPocoZip.51.dylib */ = {isa = PBXFileReference; lastKnownFileType = "compiled.mach-o.dylib"; name = libPocoZip.51.dylib; path = "../../../../Downloads/poco-1.8.1-all/lib/Darwin/x86_64/libPocoZip.51.dylib"; sourceTree = "<group>"; };
		7C53E21E2013458600D837B2 /* libPocoUtild.51.dylib */ = {isa = PBXFileReference; lastKnownFileType = "compiled.mach-o.dylib"; name = libPocoUtild.51.dylib; path = "../../../../Downloads/poco-1.8.1-all/lib/Darwin/x86_64/libPocoUtild.51.dylib"; sourceTree = "<group>"; };
		7C53E21F2013458600D837B2 /* libPocoData.51.dylib */ = {isa = PBXFileReference; lastKnownFileType = "compiled.mach-o.dylib"; name = libPocoData.51.dylib; path = "../../../../Downloads/poco-1.8.1-all/lib/Darwin/x86_64/libPocoData.51.dylib"; sourceTree = "<group>"; };
		7C53E2202013458600D837B2 /* libPocoDatad.51.dylib */ = {isa = PBXFileReference; lastKnownFileType = "compiled.mach-o.dylib"; name = libPocoDatad.51.dylib; path = "../../../../Downloads/poco-1.8.1-all/lib/Darwin/x86_64/libPocoDatad.51.dylib"; sourceTree = "<group>"; };
		7C53E2212013458600D837B2 /* libPocoDataSQLited.51.dylib */ = {isa = PBXFileReference; lastKnownFileType = "compiled.mach-o.dylib"; name = libPocoDataSQLited.51.dylib; path = "../../../../Downloads/poco-1.8.1-all/lib/Darwin/x86_64/libPocoDataSQLited.51.dylib"; sourceTree = "<group>"; };
		7C53E2222013458600D837B2 /* libPocoRedis.51.dylib */ = {isa = PBXFileReference; lastKnownFileType = "compiled.mach-o.dylib"; name = libPocoRedis.51.dylib; path = "../../../../Downloads/poco-1.8.1-all/lib/Darwin/x86_64/libPocoRedis.51.dylib"; sourceTree = "<group>"; };
		7C53E2232013458600D837B2 /* libPocoJSON.51.dylib */ = {isa = PBXFileReference; lastKnownFileType = "compiled.mach-o.dylib"; name = libPocoJSON.51.dylib; path = "../../../../Downloads/poco-1.8.1-all/lib/Darwin/x86_64/libPocoJSON.51.dylib"; sourceTree = "<group>"; };
/* End PBXFileReference section */

/* Begin PBXFrameworksBuildPhase section */
		7C53E2002013452800D837B2 /* Frameworks */ = {
			isa = PBXFrameworksBuildPhase;
			buildActionMask = 2147483647;
			files = (
				7C53E2242013458600D837B2 /* libPocoNet.51.dylib in Frameworks */,
				7C53E2252013458600D837B2 /* libPocoCryptod.51.dylib in Frameworks */,
				7C53E2262013458600D837B2 /* libPocoFoundation.51.dylib in Frameworks */,
				7C53E2272013458600D837B2 /* libPocoXMLd.51.dylib in Frameworks */,
				7C53E2282013458600D837B2 /* libPocoNetSSLd.51.dylib in Frameworks */,
				7C53E2292013458600D837B2 /* libPocoFoundationd.51.dylib in Frameworks */,
				7C53E22A2013458600D837B2 /* libPocoDataSQLite.51.dylib in Frameworks */,
				7C53E22B2013458600D837B2 /* libPocoNetSSL.51.dylib in Frameworks */,
				7C53E22C2013458600D837B2 /* libPocoCrypto.51.dylib in Frameworks */,
				7C53E22D2013458600D837B2 /* libPocoNetd.51.dylib in Frameworks */,
				7C53E22E2013458600D837B2 /* libPocoRedisd.51.dylib in Frameworks */,
				7C53E22F2013458600D837B2 /* libPocoUtil.51.dylib in Frameworks */,
				7C53E2302013458600D837B2 /* libPocoXML.51.dylib in Frameworks */,
				7C53E2312013458600D837B2 /* libPocoZipd.51.dylib in Frameworks */,
				7C53E2322013458600D837B2 /* libPocoJSONd.51.dylib in Frameworks */,
				7C53E2332013458600D837B2 /* libPocoZip.51.dylib in Frameworks */,
				7C53E2342013458600D837B2 /* libPocoUtild.51.dylib in Frameworks */,
				7C53E2352013458600D837B2 /* libPocoData.51.dylib in Frameworks */,
				7C53E2362013458600D837B2 /* libPocoDatad.51.dylib in Frameworks */,
				7C53E2372013458600D837B2 /* libPocoDataSQLited.51.dylib in Frameworks */,
				7C53E2382013458600D837B2 /* libPocoRedis.51.dylib in Frameworks */,
				7C53E2392013458600D837B2 /* libPocoJSON.51.dylib in Frameworks */,
			);
			runOnlyForDeploymentPostprocessing = 0;
		};
/* End PBXFrameworksBuildPhase section */

/* Begin PBXGroup section */
		7C53E1FA2013452800D837B2 = {
			isa = PBXGroup;
			children = (
				7C53E2052013452800D837B2 /* Poco_Json_Convert_2 */,
				7C53E2042013452800D837B2 /* Products */,
				7C53E20D2013458500D837B2 /* Frameworks */,
			);
			sourceTree = "<group>";
		};
		7C53E2042013452800D837B2 /* Products */ = {
			isa = PBXGroup;
			children = (
				7C53E2032013452800D837B2 /* Poco_Json_Convert_2 */,
			);
			name = Products;
			sourceTree = "<group>";
		};
		7C53E2052013452800D837B2 /* Poco_Json_Convert_2 */ = {
			isa = PBXGroup;
			children = (
				7C53E2062013452800D837B2 /* main.cpp */,
			);
			path = Poco_Json_Convert_2;
			sourceTree = "<group>";
		};
		7C53E20D2013458500D837B2 /* Frameworks */ = {
			isa = PBXGroup;
			children = (
				7C53E2162013458600D837B2 /* libPocoCrypto.51.dylib */,
				7C53E20F2013458600D837B2 /* libPocoCryptod.51.dylib */,
				7C53E21F2013458600D837B2 /* libPocoData.51.dylib */,
				7C53E2202013458600D837B2 /* libPocoDatad.51.dylib */,
				7C53E2142013458600D837B2 /* libPocoDataSQLite.51.dylib */,
				7C53E2212013458600D837B2 /* libPocoDataSQLited.51.dylib */,
				7C53E2102013458600D837B2 /* libPocoFoundation.51.dylib */,
				7C53E2132013458600D837B2 /* libPocoFoundationd.51.dylib */,
				7C53E2232013458600D837B2 /* libPocoJSON.51.dylib */,
				7C53E21C2013458600D837B2 /* libPocoJSONd.51.dylib */,
				7C53E20E2013458600D837B2 /* libPocoNet.51.dylib */,
				7C53E2172013458600D837B2 /* libPocoNetd.51.dylib */,
				7C53E2152013458600D837B2 /* libPocoNetSSL.51.dylib */,
				7C53E2122013458600D837B2 /* libPocoNetSSLd.51.dylib */,
				7C53E2222013458600D837B2 /* libPocoRedis.51.dylib */,
				7C53E2182013458600D837B2 /* libPocoRedisd.51.dylib */,
				7C53E2192013458600D837B2 /* libPocoUtil.51.dylib */,
				7C53E21E2013458600D837B2 /* libPocoUtild.51.dylib */,
				7C53E21A2013458600D837B2 /* libPocoXML.51.dylib */,
				7C53E2112013458600D837B2 /* libPocoXMLd.51.dylib */,
				7C53E21D2013458600D837B2 /* libPocoZip.51.dylib */,
				7C53E21B2013458600D837B2 /* libPocoZipd.51.dylib */,
			);
			name = Frameworks;
			sourceTree = "<group>";
		};
/* End PBXGroup section */

/* Begin PBXNativeTarget section */
		7C53E2022013452800D837B2 /* Poco_Json_Convert_2 */ = {
			isa = PBXNativeTarget;
			buildConfigurationList = 7C53E20A2013452800D837B2 /* Build configuration list for PBXNativeTarget "Poco_Json_Convert_2" */;
			buildPhases = (
				7C53E1FF2013452800D837B2 /* Sources */,
				7C53E2002013452800D837B2 /* Frameworks */,
				7C53E2012013452800D837B2 /* CopyFiles */,
			);
			buildRules = (
			);
			dependencies = (
			);
			name = Poco_Json_Convert_2;
			productName = Poco_Json_Convert_2;
			productReference = 7C53E2032013452800D837B2 /* Poco_Json_Convert_2 */;
			productType = "com.apple.product-type.tool";
		};
/* End PBXNativeTarget section */

/* Begin PBXProject section */
		7C53E1FB2013452800D837B2 /* Project object */ = {
			isa = PBXProject;
			attributes = {
				LastUpgradeCheck = 0920;
				ORGANIZATIONNAME = "BAEK SEOKHO";
				TargetAttributes = {
					7C53E2022013452800D837B2 = {
						CreatedOnToolsVersion = 9.2;
						ProvisioningStyle = Automatic;
					};
				};
			};
			buildConfigurationList = 7C53E1FE2013452800D837B2 /* Build configuration list for PBXProject "Poco_Json_Convert_2" */;
			compatibilityVersion = "Xcode 8.0";
			developmentRegion = en;
			hasScannedForEncodings = 0;
			knownRegions = (
				en,
			);
			mainGroup = 7C53E1FA2013452800D837B2;
			productRefGroup = 7C53E2042013452800D837B2 /* Products */;
			projectDirPath = "";
			projectRoot = "";
			targets = (
				7C53E2022013452800D837B2 /* Poco_Json_Convert_2 */,
			);
		};
/* End PBXProject section */

/* Begin PBXSourcesBuildPhase section */
		7C53E1FF2013452800D837B2 /* Sources */ = {
			isa = PBXSourcesBuildPhase;
			buildActionMask = 2147483647;
			files = (
				7C53E2072013452800D837B2 /* main.cpp in Sources */,
			);
			runOnlyForDeploymentPostprocessing = 0;
		};
/* End PBXSourcesBuildPhase section */

/* Begin XCBuildConfiguration section */
		7C53E2082013452800D837B2 /* Debug */ = {
			isa = XCBuildConfiguration;
			buildSettings = {
				ALWAYS_SEARCH_USER_PATHS = NO;
				CLANG_ANALYZER_NONNULL = YES;
				CLANG_ANALYZER_NUMBER_OBJECT_CONVERSION = YES_AGGRESSIVE;
				CLANG_CXX_LANGUAGE_STANDARD = "gnu++14";
				CLANG_CXX_LIBRARY = "libc++";
				CLANG_ENABLE_MODULES = YES;
				CLANG_ENABLE_OBJC_ARC = YES;
				CLANG_WARN_BLOCK_CAPTURE_AUTORELEASING = YES;
				CLANG_WARN_BOOL_CONVERSION = YES;
				CLANG_WARN_COMMA = YES;
				CLANG_WARN_CONSTANT_CONVERSION = YES;
				CLANG_WARN_DIRECT_OBJC_ISA_USAGE = YES_ERROR;
				CLANG_WARN_DOCUMENTATION_COMMENTS = YES;
				CLANG_WARN_EMPTY_BODY = YES;
				CLANG_WARN_ENUM_CONVERSION = YES;
				CLANG_WARN_INFINITE_RECURSION = YES;
				CLANG_WARN_INT_CONVERSION = YES;
				CLANG_WARN_NON_LITERAL_NULL_CONVERSION = YES;
				CLANG_WARN_OBJC_LITERAL_CONVERSION = YES;
				CLANG_WARN_OBJC_ROOT_CLASS = YES_ERROR;
				CLANG_WARN_RANGE_LOOP_ANALYSIS = YES;
				CLANG_WARN_STRICT_PROTOTYPES = YES;
				CLANG_WARN_SUSPICIOUS_MOVE = YES;
				CLANG_WARN_UNGUARDED_AVAILABILITY = YES_AGGRESSIVE;
				CLANG_WARN_UNREACHABLE_CODE = YES;
				CLANG_WARN__DUPLICATE_METHOD_MATCH = YES;
				CODE_SIGN_IDENTITY = "-";
				COPY_PHASE_STRIP = NO;
				DEBUG_INFORMATION_FORMAT = dwarf;
				ENABLE_STRICT_OBJC_MSGSEND = YES;
				ENABLE_TESTABILITY = YES;
				GCC_C_LANGUAGE_STANDARD = gnu11;
				GCC_DYNAMIC_NO_PIC = NO;
				GCC_NO_COMMON_BLOCKS = YES;
				GCC_OPTIMIZATION_LEVEL = 0;
				GCC_PREPROCESSOR_DEFINITIONS = (
					"DEBUG=1",
					"$(inherited)",
				);
				GCC_WARN_64_TO_32_BIT_CONVERSION = YES;
				GCC_WARN_ABOUT_RETURN_TYPE = YES_ERROR;
				GCC_WARN_UNDECLARED_SELECTOR = YES;
				GCC_WARN_UNINITIALIZED_AUTOS = YES_AGGRESSIVE;
				GCC_WARN_UNUSED_FUNCTION = YES;
				GCC_WARN_UNUSED_VARIABLE = YES;
				MACOSX_DEPLOYMENT_TARGET = 10.13;
				MTL_ENABLE_DEBUG_INFO = YES;
				ONLY_ACTIVE_ARCH = YES;
				SDKROOT = macosx;
			};
			name = Debug;
		};
		7C53E2092013452800D837B2 /* Release */ = {
			isa = XCBuildConfiguration;
			buildSettings = {
				ALWAYS_SEARCH_USER_PATHS = NO;
				CLANG_ANALYZER_NONNULL = YES;
				CLANG_ANALYZER_NUMBER_OBJECT_CONVERSION = YES_AGGRESSIVE;
				CLANG_CXX_LANGUAGE_STANDARD = "gnu++14";
				CLANG_CXX_LIBRARY = "libc++";
				CLANG_ENABLE_MODULES = YES;
				CLANG_ENABLE_OBJC_ARC = YES;
				CLANG_WARN_BLOCK_CAPTURE_AUTORELEASING = YES;
				CLANG_WARN_BOOL_CONVERSION = YES;
				CLANG_WARN_COMMA = YES;
				CLANG_WARN_CONSTANT_CONVERSION = YES;
				CLANG_WARN_DIRECT_OBJC_ISA_USAGE = YES_ERROR;
				CLANG_WARN_DOCUMENTATION_COMMENTS = YES;
				CLANG_WARN_EMPTY_BODY = YES;
				CLANG_WARN_ENUM_CONVERSION = YES;
				CLANG_WARN_INFINITE_RECURSION = YES;
				CLANG_WARN_INT_CONVERSION = YES;
				CLANG_WARN_NON_LITERAL_NULL_CONVERSION = YES;
				CLANG_WARN_OBJC_LITERAL_CONVERSION = YES;
				CLANG_WARN_OBJC_ROOT_CLASS = YES_ERROR;
				CLANG_WARN_RANGE_LOOP_ANALYSIS = YES;
				CLANG_WARN_STRICT_PROTOTYPES = YES;
				CLANG_WARN_SUSPICIOUS_MOVE = YES;
				CLANG_WARN_UNGUARDED_AVAILABILITY = YES_AGGRESSIVE;
				CLANG_WARN_UNREACHABLE_CODE = YES;
				CLANG_WARN__DUPLICATE_METHOD_MATCH = YES;
				CODE_SIGN_IDENTITY = "-";
				COPY_PHASE_STRIP = NO;
				DEBUG_INFORMATION_FORMAT = "dwarf-with-dsym";
				ENABLE_NS_ASSERTIONS = NO;
				ENABLE_STRICT_OBJC_MSGSEND = YES;
				GCC_C_LANGUAGE_STANDARD = gnu11;
				GCC_NO_COMMON_BLOCKS = YES;
				GCC_WARN_64_TO_32_BIT_CONVERSION = YES;
				GCC_WARN_ABOUT_RETURN_TYPE = YES_ERROR;
				GCC_WARN_UNDECLARED_SELECTOR = YES;
				GCC_WARN_UNINITIALIZED_AUTOS = YES_AGGRESSIVE;
				GCC_WARN_UNUSED_FUNCTION = YES;
				GCC_WARN_UNUSED_VARIABLE = YES;
				MACOSX_DEPLOYMENT_TARGET = 10.13;
				MTL_ENABLE_DEBUG_INFO = NO;
				SDKROOT = macosx;
			};
			name = Release;
		};
		7C53E20B2013452800D837B2 /* Debug */ = {
			isa = XCBuildConfiguration;
			buildSettings = {
				CODE_SIGN_STYLE = Automatic;
				LIBRARY_SEARCH_PATHS = /usr/local/lib/;
				PRODUCT_NAME = "$(TARGET_NAME)";
				USER_HEADER_SEARCH_PATHS = /usr/local/include/;
			};
			name = Debug;
		};
		7C53E20C2013452800D837B2 /* Release */ = {
			isa = XCBuildConfiguration;
			buildSettings = {
				CODE_SIGN_STYLE = Automatic;
				LIBRARY_SEARCH_PATHS = /usr/local/lib/;
				PRODUCT_NAME = "$(TARGET_NAME)";
				USER_HEADER_SEARCH_PATHS = /usr/local/include/;
			};
			name = Release;
		};
/* End XCBuildConfiguration section */

/* Begin XCConfigurationList section */
		7C53E1FE2013452800D837B2 /* Build configuration list for PBXProject "Poco_Json_Convert_2" */ = {
			isa = XCConfigurationList;
			buildConfigurations = (
				7C53E2082013452800D837B2 /* Debug */,
				7C53E2092013452800D837B2 /* Release */,
			);
			defaultConfigurationIsVisible = 0;
			defaultConfigurationName = Release;
		};
		7C53E20A2013452800D837B2 /* Build configuration list for PBXNativeTarget "Poco_Json_Convert_2" */ = {
			isa = XCConfigurationList;
			buildConfigurations = (
				7C53E20B2013452800D837B2 /* Debug */,
				7C53E20C2013452800D837B2 /* Release */,
			);
			defaultConfigurationIsVisible = 0;
			defaultConfigurationName = Release;
		};
/* End XCConfigurationList section */
	};
	rootObject = 7C53E1FB2013452800D837B2 /* Project object */;
}
