// !$*UTF8*$!
{
	archiveVersion = 1;
	classes = {
	};
	objectVersion = 48;
	objects = {

/* Begin PBXBuildFile section */
		7C308DE22020B1610075CBA4 /* libPocoRedis.51.dylib in Frameworks */ = {isa = PBXBuildFile; fileRef = 7C308DCC2020B1600075CBA4 /* libPocoRedis.51.dylib */; };
		7C308DE32020B1610075CBA4 /* libPocoDatad.51.dylib in Frameworks */ = {isa = PBXBuildFile; fileRef = 7C308DCD2020B1600075CBA4 /* libPocoDatad.51.dylib */; };
		7C308DE42020B1610075CBA4 /* libPocoNet.51.dylib in Frameworks */ = {isa = PBXBuildFile; fileRef = 7C308DCE2020B1600075CBA4 /* libPocoNet.51.dylib */; };
		7C308DE52020B1610075CBA4 /* libPocoData.51.dylib in Frameworks */ = {isa = PBXBuildFile; fileRef = 7C308DCF2020B1600075CBA4 /* libPocoData.51.dylib */; };
		7C308DE62020B1610075CBA4 /* libPocoRedisd.51.dylib in Frameworks */ = {isa = PBXBuildFile; fileRef = 7C308DD02020B1600075CBA4 /* libPocoRedisd.51.dylib */; };
		7C308DE72020B1610075CBA4 /* libPocoXML.51.dylib in Frameworks */ = {isa = PBXBuildFile; fileRef = 7C308DD12020B1600075CBA4 /* libPocoXML.51.dylib */; };
		7C308DE82020B1610075CBA4 /* libPocoZipd.51.dylib in Frameworks */ = {isa = PBXBuildFile; fileRef = 7C308DD22020B1600075CBA4 /* libPocoZipd.51.dylib */; };
		7C308DE92020B1610075CBA4 /* libPocoFoundationd.51.dylib in Frameworks */ = {isa = PBXBuildFile; fileRef = 7C308DD32020B1600075CBA4 /* libPocoFoundationd.51.dylib */; };
		7C308DEA2020B1610075CBA4 /* libPocoJSONd.51.dylib in Frameworks */ = {isa = PBXBuildFile; fileRef = 7C308DD42020B1610075CBA4 /* libPocoJSONd.51.dylib */; };
		7C308DEB2020B1610075CBA4 /* libPocoNetd.51.dylib in Frameworks */ = {isa = PBXBuildFile; fileRef = 7C308DD52020B1610075CBA4 /* libPocoNetd.51.dylib */; };
		7C308DEC2020B1610075CBA4 /* libPocoDataSQLited.51.dylib in Frameworks */ = {isa = PBXBuildFile; fileRef = 7C308DD62020B1610075CBA4 /* libPocoDataSQLited.51.dylib */; };
		7C308DED2020B1610075CBA4 /* libPocoCryptod.51.dylib in Frameworks */ = {isa = PBXBuildFile; fileRef = 7C308DD72020B1610075CBA4 /* libPocoCryptod.51.dylib */; };
		7C308DEE2020B1610075CBA4 /* libPocoDataSQLite.51.dylib in Frameworks */ = {isa = PBXBuildFile; fileRef = 7C308DD82020B1610075CBA4 /* libPocoDataSQLite.51.dylib */; };
		7C308DEF2020B1610075CBA4 /* libPocoNetSSL.51.dylib in Frameworks */ = {isa = PBXBuildFile; fileRef = 7C308DD92020B1610075CBA4 /* libPocoNetSSL.51.dylib */; };
		7C308DF02020B1610075CBA4 /* libPocoZip.51.dylib in Frameworks */ = {isa = PBXBuildFile; fileRef = 7C308DDA2020B1610075CBA4 /* libPocoZip.51.dylib */; };
		7C308DF12020B1610075CBA4 /* libPocoFoundation.51.dylib in Frameworks */ = {isa = PBXBuildFile; fileRef = 7C308DDB2020B1610075CBA4 /* libPocoFoundation.51.dylib */; };
		7C308DF22020B1610075CBA4 /* libPocoUtild.51.dylib in Frameworks */ = {isa = PBXBuildFile; fileRef = 7C308DDC2020B1610075CBA4 /* libPocoUtild.51.dylib */; };
		7C308DF32020B1610075CBA4 /* libPocoXMLd.51.dylib in Frameworks */ = {isa = PBXBuildFile; fileRef = 7C308DDD2020B1610075CBA4 /* libPocoXMLd.51.dylib */; };
		7C308DF42020B1610075CBA4 /* libPocoNetSSLd.51.dylib in Frameworks */ = {isa = PBXBuildFile; fileRef = 7C308DDE2020B1610075CBA4 /* libPocoNetSSLd.51.dylib */; };
		7C308DF52020B1610075CBA4 /* libPocoUtil.51.dylib in Frameworks */ = {isa = PBXBuildFile; fileRef = 7C308DDF2020B1610075CBA4 /* libPocoUtil.51.dylib */; };
		7C308DF62020B1610075CBA4 /* libPocoCrypto.51.dylib in Frameworks */ = {isa = PBXBuildFile; fileRef = 7C308DE02020B1610075CBA4 /* libPocoCrypto.51.dylib */; };
		7C308DF72020B1610075CBA4 /* libPocoJSON.51.dylib in Frameworks */ = {isa = PBXBuildFile; fileRef = 7C308DE12020B1610075CBA4 /* libPocoJSON.51.dylib */; };
		7C308DF82020B1740075CBA4 /* libPocoCrypto.51.dylib in CopyFiles */ = {isa = PBXBuildFile; fileRef = 7C308DE02020B1610075CBA4 /* libPocoCrypto.51.dylib */; settings = {ATTRIBUTES = (CodeSignOnCopy, ); }; };
		7C308DF92020B1740075CBA4 /* libPocoCryptod.51.dylib in CopyFiles */ = {isa = PBXBuildFile; fileRef = 7C308DD72020B1610075CBA4 /* libPocoCryptod.51.dylib */; settings = {ATTRIBUTES = (CodeSignOnCopy, ); }; };
		7C308DFA2020B1740075CBA4 /* libPocoData.51.dylib in CopyFiles */ = {isa = PBXBuildFile; fileRef = 7C308DCF2020B1600075CBA4 /* libPocoData.51.dylib */; settings = {ATTRIBUTES = (CodeSignOnCopy, ); }; };
		7C308DFB2020B1740075CBA4 /* libPocoDatad.51.dylib in CopyFiles */ = {isa = PBXBuildFile; fileRef = 7C308DCD2020B1600075CBA4 /* libPocoDatad.51.dylib */; settings = {ATTRIBUTES = (CodeSignOnCopy, ); }; };
		7C308DFC2020B1740075CBA4 /* libPocoDataSQLite.51.dylib in CopyFiles */ = {isa = PBXBuildFile; fileRef = 7C308DD82020B1610075CBA4 /* libPocoDataSQLite.51.dylib */; settings = {ATTRIBUTES = (CodeSignOnCopy, ); }; };
		7C308DFD2020B1740075CBA4 /* libPocoDataSQLited.51.dylib in CopyFiles */ = {isa = PBXBuildFile; fileRef = 7C308DD62020B1610075CBA4 /* libPocoDataSQLited.51.dylib */; settings = {ATTRIBUTES = (CodeSignOnCopy, ); }; };
		7C308DFE2020B1740075CBA4 /* libPocoFoundation.51.dylib in CopyFiles */ = {isa = PBXBuildFile; fileRef = 7C308DDB2020B1610075CBA4 /* libPocoFoundation.51.dylib */; settings = {ATTRIBUTES = (CodeSignOnCopy, ); }; };
		7C308DFF2020B1740075CBA4 /* libPocoFoundationd.51.dylib in CopyFiles */ = {isa = PBXBuildFile; fileRef = 7C308DD32020B1600075CBA4 /* libPocoFoundationd.51.dylib */; settings = {ATTRIBUTES = (CodeSignOnCopy, ); }; };
		7C308E002020B1740075CBA4 /* libPocoJSON.51.dylib in CopyFiles */ = {isa = PBXBuildFile; fileRef = 7C308DE12020B1610075CBA4 /* libPocoJSON.51.dylib */; settings = {ATTRIBUTES = (CodeSignOnCopy, ); }; };
		7C308E012020B1740075CBA4 /* libPocoJSONd.51.dylib in CopyFiles */ = {isa = PBXBuildFile; fileRef = 7C308DD42020B1610075CBA4 /* libPocoJSONd.51.dylib */; settings = {ATTRIBUTES = (CodeSignOnCopy, ); }; };
		7C308E022020B1740075CBA4 /* libPocoNet.51.dylib in CopyFiles */ = {isa = PBXBuildFile; fileRef = 7C308DCE2020B1600075CBA4 /* libPocoNet.51.dylib */; settings = {ATTRIBUTES = (CodeSignOnCopy, ); }; };
		7C308E032020B1740075CBA4 /* libPocoNetd.51.dylib in CopyFiles */ = {isa = PBXBuildFile; fileRef = 7C308DD52020B1610075CBA4 /* libPocoNetd.51.dylib */; settings = {ATTRIBUTES = (CodeSignOnCopy, ); }; };
		7C308E042020B1740075CBA4 /* libPocoNetSSL.51.dylib in CopyFiles */ = {isa = PBXBuildFile; fileRef = 7C308DD92020B1610075CBA4 /* libPocoNetSSL.51.dylib */; settings = {ATTRIBUTES = (CodeSignOnCopy, ); }; };
		7C308E052020B1740075CBA4 /* libPocoNetSSLd.51.dylib in CopyFiles */ = {isa = PBXBuildFile; fileRef = 7C308DDE2020B1610075CBA4 /* libPocoNetSSLd.51.dylib */; settings = {ATTRIBUTES = (CodeSignOnCopy, ); }; };
		7C308E062020B1740075CBA4 /* libPocoRedis.51.dylib in CopyFiles */ = {isa = PBXBuildFile; fileRef = 7C308DCC2020B1600075CBA4 /* libPocoRedis.51.dylib */; settings = {ATTRIBUTES = (CodeSignOnCopy, ); }; };
		7C308E072020B1740075CBA4 /* libPocoRedisd.51.dylib in CopyFiles */ = {isa = PBXBuildFile; fileRef = 7C308DD02020B1600075CBA4 /* libPocoRedisd.51.dylib */; settings = {ATTRIBUTES = (CodeSignOnCopy, ); }; };
		7C308E082020B1740075CBA4 /* libPocoUtil.51.dylib in CopyFiles */ = {isa = PBXBuildFile; fileRef = 7C308DDF2020B1610075CBA4 /* libPocoUtil.51.dylib */; settings = {ATTRIBUTES = (CodeSignOnCopy, ); }; };
		7C308E092020B1740075CBA4 /* libPocoUtild.51.dylib in CopyFiles */ = {isa = PBXBuildFile; fileRef = 7C308DDC2020B1610075CBA4 /* libPocoUtild.51.dylib */; settings = {ATTRIBUTES = (CodeSignOnCopy, ); }; };
		7C308E0A2020B1740075CBA4 /* libPocoXML.51.dylib in CopyFiles */ = {isa = PBXBuildFile; fileRef = 7C308DD12020B1600075CBA4 /* libPocoXML.51.dylib */; settings = {ATTRIBUTES = (CodeSignOnCopy, ); }; };
		7C308E0B2020B1740075CBA4 /* libPocoXMLd.51.dylib in CopyFiles */ = {isa = PBXBuildFile; fileRef = 7C308DDD2020B1610075CBA4 /* libPocoXMLd.51.dylib */; settings = {ATTRIBUTES = (CodeSignOnCopy, ); }; };
		7C308E0C2020B1740075CBA4 /* libPocoZip.51.dylib in CopyFiles */ = {isa = PBXBuildFile; fileRef = 7C308DDA2020B1610075CBA4 /* libPocoZip.51.dylib */; settings = {ATTRIBUTES = (CodeSignOnCopy, ); }; };
		7C308E0D2020B1740075CBA4 /* libPocoZipd.51.dylib in CopyFiles */ = {isa = PBXBuildFile; fileRef = 7C308DD22020B1600075CBA4 /* libPocoZipd.51.dylib */; settings = {ATTRIBUTES = (CodeSignOnCopy, ); }; };
		7CBFEA0A2016305500381927 /* main.cpp in Sources */ = {isa = PBXBuildFile; fileRef = 7CBFEA092016305500381927 /* main.cpp */; };
/* End PBXBuildFile section */

/* Begin PBXCopyFilesBuildPhase section */
		7CBFEA042016305500381927 /* CopyFiles */ = {
			isa = PBXCopyFilesBuildPhase;
			buildActionMask = 12;
			dstPath = "";
			dstSubfolderSpec = 10;
			files = (
				7C308DF82020B1740075CBA4 /* libPocoCrypto.51.dylib in CopyFiles */,
				7C308DF92020B1740075CBA4 /* libPocoCryptod.51.dylib in CopyFiles */,
				7C308DFA2020B1740075CBA4 /* libPocoData.51.dylib in CopyFiles */,
				7C308DFB2020B1740075CBA4 /* libPocoDatad.51.dylib in CopyFiles */,
				7C308DFC2020B1740075CBA4 /* libPocoDataSQLite.51.dylib in CopyFiles */,
				7C308DFD2020B1740075CBA4 /* libPocoDataSQLited.51.dylib in CopyFiles */,
				7C308DFE2020B1740075CBA4 /* libPocoFoundation.51.dylib in CopyFiles */,
				7C308DFF2020B1740075CBA4 /* libPocoFoundationd.51.dylib in CopyFiles */,
				7C308E002020B1740075CBA4 /* libPocoJSON.51.dylib in CopyFiles */,
				7C308E012020B1740075CBA4 /* libPocoJSONd.51.dylib in CopyFiles */,
				7C308E022020B1740075CBA4 /* libPocoNet.51.dylib in CopyFiles */,
				7C308E032020B1740075CBA4 /* libPocoNetd.51.dylib in CopyFiles */,
				7C308E042020B1740075CBA4 /* libPocoNetSSL.51.dylib in CopyFiles */,
				7C308E052020B1740075CBA4 /* libPocoNetSSLd.51.dylib in CopyFiles */,
				7C308E062020B1740075CBA4 /* libPocoRedis.51.dylib in CopyFiles */,
				7C308E072020B1740075CBA4 /* libPocoRedisd.51.dylib in CopyFiles */,
				7C308E082020B1740075CBA4 /* libPocoUtil.51.dylib in CopyFiles */,
				7C308E092020B1740075CBA4 /* libPocoUtild.51.dylib in CopyFiles */,
				7C308E0A2020B1740075CBA4 /* libPocoXML.51.dylib in CopyFiles */,
				7C308E0B2020B1740075CBA4 /* libPocoXMLd.51.dylib in CopyFiles */,
				7C308E0C2020B1740075CBA4 /* libPocoZip.51.dylib in CopyFiles */,
				7C308E0D2020B1740075CBA4 /* libPocoZipd.51.dylib in CopyFiles */,
			);
			runOnlyForDeploymentPostprocessing = 0;
		};
/* End PBXCopyFilesBuildPhase section */

/* Begin PBXFileReference section */
		7C308DCC2020B1600075CBA4 /* libPocoRedis.51.dylib */ = {isa = PBXFileReference; lastKnownFileType = "compiled.mach-o.dylib"; name = libPocoRedis.51.dylib; path = ../../../../../../usr/local/lib/libPocoRedis.51.dylib; sourceTree = "<group>"; };
		7C308DCD2020B1600075CBA4 /* libPocoDatad.51.dylib */ = {isa = PBXFileReference; lastKnownFileType = "compiled.mach-o.dylib"; name = libPocoDatad.51.dylib; path = ../../../../../../usr/local/lib/libPocoDatad.51.dylib; sourceTree = "<group>"; };
		7C308DCE2020B1600075CBA4 /* libPocoNet.51.dylib */ = {isa = PBXFileReference; lastKnownFileType = "compiled.mach-o.dylib"; name = libPocoNet.51.dylib; path = ../../../../../../usr/local/lib/libPocoNet.51.dylib; sourceTree = "<group>"; };
		7C308DCF2020B1600075CBA4 /* libPocoData.51.dylib */ = {isa = PBXFileReference; lastKnownFileType = "compiled.mach-o.dylib"; name = libPocoData.51.dylib; path = ../../../../../../usr/local/lib/libPocoData.51.dylib; sourceTree = "<group>"; };
		7C308DD02020B1600075CBA4 /* libPocoRedisd.51.dylib */ = {isa = PBXFileReference; lastKnownFileType = "compiled.mach-o.dylib"; name = libPocoRedisd.51.dylib; path = ../../../../../../usr/local/lib/libPocoRedisd.51.dylib; sourceTree = "<group>"; };
		7C308DD12020B1600075CBA4 /* libPocoXML.51.dylib */ = {isa = PBXFileReference; lastKnownFileType = "compiled.mach-o.dylib"; name = libPocoXML.51.dylib; path = ../../../../../../usr/local/lib/libPocoXML.51.dylib; sourceTree = "<group>"; };
		7C308DD22020B1600075CBA4 /* libPocoZipd.51.dylib */ = {isa = PBXFileReference; lastKnownFileType = "compiled.mach-o.dylib"; name = libPocoZipd.51.dylib; path = ../../../../../../usr/local/lib/libPocoZipd.51.dylib; sourceTree = "<group>"; };
		7C308DD32020B1600075CBA4 /* libPocoFoundationd.51.dylib */ = {isa = PBXFileReference; lastKnownFileType = "compiled.mach-o.dylib"; name = libPocoFoundationd.51.dylib; path = ../../../../../../usr/local/lib/libPocoFoundationd.51.dylib; sourceTree = "<group>"; };
		7C308DD42020B1610075CBA4 /* libPocoJSONd.51.dylib */ = {isa = PBXFileReference; lastKnownFileType = "compiled.mach-o.dylib"; name = libPocoJSONd.51.dylib; path = ../../../../../../usr/local/lib/libPocoJSONd.51.dylib; sourceTree = "<group>"; };
		7C308DD52020B1610075CBA4 /* libPocoNetd.51.dylib */ = {isa = PBXFileReference; lastKnownFileType = "compiled.mach-o.dylib"; name = libPocoNetd.51.dylib; path = ../../../../../../usr/local/lib/libPocoNetd.51.dylib; sourceTree = "<group>"; };
		7C308DD62020B1610075CBA4 /* libPocoDataSQLited.51.dylib */ = {isa = PBXFileReference; lastKnownFileType = "compiled.mach-o.dylib"; name = libPocoDataSQLited.51.dylib; path = ../../../../../../usr/local/lib/libPocoDataSQLited.51.dylib; sourceTree = "<group>"; };
		7C308DD72020B1610075CBA4 /* libPocoCryptod.51.dylib */ = {isa = PBXFileReference; lastKnownFileType = "compiled.mach-o.dylib"; name = libPocoCryptod.51.dylib; path = ../../../../../../usr/local/lib/libPocoCryptod.51.dylib; sourceTree = "<group>"; };
		7C308DD82020B1610075CBA4 /* libPocoDataSQLite.51.dylib */ = {isa = PBXFileReference; lastKnownFileType = "compiled.mach-o.dylib"; name = libPocoDataSQLite.51.dylib; path = ../../../../../../usr/local/lib/libPocoDataSQLite.51.dylib; sourceTree = "<group>"; };
		7C308DD92020B1610075CBA4 /* libPocoNetSSL.51.dylib */ = {isa = PBXFileReference; lastKnownFileType = "compiled.mach-o.dylib"; name = libPocoNetSSL.51.dylib; path = ../../../../../../usr/local/lib/libPocoNetSSL.51.dylib; sourceTree = "<group>"; };
		7C308DDA2020B1610075CBA4 /* libPocoZip.51.dylib */ = {isa = PBXFileReference; lastKnownFileType = "compiled.mach-o.dylib"; name = libPocoZip.51.dylib; path = ../../../../../../usr/local/lib/libPocoZip.51.dylib; sourceTree = "<group>"; };
		7C308DDB2020B1610075CBA4 /* libPocoFoundation.51.dylib */ = {isa = PBXFileReference; lastKnownFileType = "compiled.mach-o.dylib"; name = libPocoFoundation.51.dylib; path = ../../../../../../usr/local/lib/libPocoFoundation.51.dylib; sourceTree = "<group>"; };
		7C308DDC2020B1610075CBA4 /* libPocoUtild.51.dylib */ = {isa = PBXFileReference; lastKnownFileType = "compiled.mach-o.dylib"; name = libPocoUtild.51.dylib; path = ../../../../../../usr/local/lib/libPocoUtild.51.dylib; sourceTree = "<group>"; };
		7C308DDD2020B1610075CBA4 /* libPocoXMLd.51.dylib */ = {isa = PBXFileReference; lastKnownFileType = "compiled.mach-o.dylib"; name = libPocoXMLd.51.dylib; path = ../../../../../../usr/local/lib/libPocoXMLd.51.dylib; sourceTree = "<group>"; };
		7C308DDE2020B1610075CBA4 /* libPocoNetSSLd.51.dylib */ = {isa = PBXFileReference; lastKnownFileType = "compiled.mach-o.dylib"; name = libPocoNetSSLd.51.dylib; path = ../../../../../../usr/local/lib/libPocoNetSSLd.51.dylib; sourceTree = "<group>"; };
		7C308DDF2020B1610075CBA4 /* libPocoUtil.51.dylib */ = {isa = PBXFileReference; lastKnownFileType = "compiled.mach-o.dylib"; name = libPocoUtil.51.dylib; path = ../../../../../../usr/local/lib/libPocoUtil.51.dylib; sourceTree = "<group>"; };
		7C308DE02020B1610075CBA4 /* libPocoCrypto.51.dylib */ = {isa = PBXFileReference; lastKnownFileType = "compiled.mach-o.dylib"; name = libPocoCrypto.51.dylib; path = ../../../../../../usr/local/lib/libPocoCrypto.51.dylib; sourceTree = "<group>"; };
		7C308DE12020B1610075CBA4 /* libPocoJSON.51.dylib */ = {isa = PBXFileReference; lastKnownFileType = "compiled.mach-o.dylib"; name = libPocoJSON.51.dylib; path = ../../../../../../usr/local/lib/libPocoJSON.51.dylib; sourceTree = "<group>"; };
		7CBFEA062016305500381927 /* Poco_Http_server */ = {isa = PBXFileReference; explicitFileType = "compiled.mach-o.executable"; includeInIndex = 0; path = Poco_Http_server; sourceTree = BUILT_PRODUCTS_DIR; };
		7CBFEA092016305500381927 /* main.cpp */ = {isa = PBXFileReference; lastKnownFileType = sourcecode.cpp.cpp; path = main.cpp; sourceTree = "<group>"; };
/* End PBXFileReference section */

/* Begin PBXFrameworksBuildPhase section */
		7CBFEA032016305500381927 /* Frameworks */ = {
			isa = PBXFrameworksBuildPhase;
			buildActionMask = 2147483647;
			files = (
				7C308DE22020B1610075CBA4 /* libPocoRedis.51.dylib in Frameworks */,
				7C308DE32020B1610075CBA4 /* libPocoDatad.51.dylib in Frameworks */,
				7C308DE42020B1610075CBA4 /* libPocoNet.51.dylib in Frameworks */,
				7C308DE52020B1610075CBA4 /* libPocoData.51.dylib in Frameworks */,
				7C308DE62020B1610075CBA4 /* libPocoRedisd.51.dylib in Frameworks */,
				7C308DE72020B1610075CBA4 /* libPocoXML.51.dylib in Frameworks */,
				7C308DE82020B1610075CBA4 /* libPocoZipd.51.dylib in Frameworks */,
				7C308DE92020B1610075CBA4 /* libPocoFoundationd.51.dylib in Frameworks */,
				7C308DEA2020B1610075CBA4 /* libPocoJSONd.51.dylib in Frameworks */,
				7C308DEB2020B1610075CBA4 /* libPocoNetd.51.dylib in Frameworks */,
				7C308DEC2020B1610075CBA4 /* libPocoDataSQLited.51.dylib in Frameworks */,
				7C308DED2020B1610075CBA4 /* libPocoCryptod.51.dylib in Frameworks */,
				7C308DEE2020B1610075CBA4 /* libPocoDataSQLite.51.dylib in Frameworks */,
				7C308DEF2020B1610075CBA4 /* libPocoNetSSL.51.dylib in Frameworks */,
				7C308DF02020B1610075CBA4 /* libPocoZip.51.dylib in Frameworks */,
				7C308DF12020B1610075CBA4 /* libPocoFoundation.51.dylib in Frameworks */,
				7C308DF22020B1610075CBA4 /* libPocoUtild.51.dylib in Frameworks */,
				7C308DF32020B1610075CBA4 /* libPocoXMLd.51.dylib in Frameworks */,
				7C308DF42020B1610075CBA4 /* libPocoNetSSLd.51.dylib in Frameworks */,
				7C308DF52020B1610075CBA4 /* libPocoUtil.51.dylib in Frameworks */,
				7C308DF62020B1610075CBA4 /* libPocoCrypto.51.dylib in Frameworks */,
				7C308DF72020B1610075CBA4 /* libPocoJSON.51.dylib in Frameworks */,
			);
			runOnlyForDeploymentPostprocessing = 0;
		};
/* End PBXFrameworksBuildPhase section */

/* Begin PBXGroup section */
		7C308DCB2020B1600075CBA4 /* Frameworks */ = {
			isa = PBXGroup;
			children = (
				7C308DE02020B1610075CBA4 /* libPocoCrypto.51.dylib */,
				7C308DD72020B1610075CBA4 /* libPocoCryptod.51.dylib */,
				7C308DCF2020B1600075CBA4 /* libPocoData.51.dylib */,
				7C308DCD2020B1600075CBA4 /* libPocoDatad.51.dylib */,
				7C308DD82020B1610075CBA4 /* libPocoDataSQLite.51.dylib */,
				7C308DD62020B1610075CBA4 /* libPocoDataSQLited.51.dylib */,
				7C308DDB2020B1610075CBA4 /* libPocoFoundation.51.dylib */,
				7C308DD32020B1600075CBA4 /* libPocoFoundationd.51.dylib */,
				7C308DE12020B1610075CBA4 /* libPocoJSON.51.dylib */,
				7C308DD42020B1610075CBA4 /* libPocoJSONd.51.dylib */,
				7C308DCE2020B1600075CBA4 /* libPocoNet.51.dylib */,
				7C308DD52020B1610075CBA4 /* libPocoNetd.51.dylib */,
				7C308DD92020B1610075CBA4 /* libPocoNetSSL.51.dylib */,
				7C308DDE2020B1610075CBA4 /* libPocoNetSSLd.51.dylib */,
				7C308DCC2020B1600075CBA4 /* libPocoRedis.51.dylib */,
				7C308DD02020B1600075CBA4 /* libPocoRedisd.51.dylib */,
				7C308DDF2020B1610075CBA4 /* libPocoUtil.51.dylib */,
				7C308DDC2020B1610075CBA4 /* libPocoUtild.51.dylib */,
				7C308DD12020B1600075CBA4 /* libPocoXML.51.dylib */,
				7C308DDD2020B1610075CBA4 /* libPocoXMLd.51.dylib */,
				7C308DDA2020B1610075CBA4 /* libPocoZip.51.dylib */,
				7C308DD22020B1600075CBA4 /* libPocoZipd.51.dylib */,
			);
			name = Frameworks;
			sourceTree = "<group>";
		};
		7CBFE9FD2016305500381927 = {
			isa = PBXGroup;
			children = (
				7CBFEA082016305500381927 /* Poco_Http_server */,
				7CBFEA072016305500381927 /* Products */,
				7C308DCB2020B1600075CBA4 /* Frameworks */,
			);
			sourceTree = "<group>";
		};
		7CBFEA072016305500381927 /* Products */ = {
			isa = PBXGroup;
			children = (
				7CBFEA062016305500381927 /* Poco_Http_server */,
			);
			name = Products;
			sourceTree = "<group>";
		};
		7CBFEA082016305500381927 /* Poco_Http_server */ = {
			isa = PBXGroup;
			children = (
				7CBFEA092016305500381927 /* main.cpp */,
			);
			path = Poco_Http_server;
			sourceTree = "<group>";
		};
/* End PBXGroup section */

/* Begin PBXNativeTarget section */
		7CBFEA052016305500381927 /* Poco_Http_server */ = {
			isa = PBXNativeTarget;
			buildConfigurationList = 7CBFEA0D2016305500381927 /* Build configuration list for PBXNativeTarget "Poco_Http_server" */;
			buildPhases = (
				7CBFEA022016305500381927 /* Sources */,
				7CBFEA032016305500381927 /* Frameworks */,
				7CBFEA042016305500381927 /* CopyFiles */,
			);
			buildRules = (
			);
			dependencies = (
			);
			name = Poco_Http_server;
			productName = Poco_Http_server;
			productReference = 7CBFEA062016305500381927 /* Poco_Http_server */;
			productType = "com.apple.product-type.tool";
		};
/* End PBXNativeTarget section */

/* Begin PBXProject section */
		7CBFE9FE2016305500381927 /* Project object */ = {
			isa = PBXProject;
			attributes = {
				LastUpgradeCheck = 0920;
				ORGANIZATIONNAME = "BAEK SEOKHO";
				TargetAttributes = {
					7CBFEA052016305500381927 = {
						CreatedOnToolsVersion = 9.2;
						ProvisioningStyle = Automatic;
					};
				};
			};
			buildConfigurationList = 7CBFEA012016305500381927 /* Build configuration list for PBXProject "Poco_Http_server" */;
			compatibilityVersion = "Xcode 8.0";
			developmentRegion = en;
			hasScannedForEncodings = 0;
			knownRegions = (
				en,
			);
			mainGroup = 7CBFE9FD2016305500381927;
			productRefGroup = 7CBFEA072016305500381927 /* Products */;
			projectDirPath = "";
			projectRoot = "";
			targets = (
				7CBFEA052016305500381927 /* Poco_Http_server */,
			);
		};
/* End PBXProject section */

/* Begin PBXSourcesBuildPhase section */
		7CBFEA022016305500381927 /* Sources */ = {
			isa = PBXSourcesBuildPhase;
			buildActionMask = 2147483647;
			files = (
				7CBFEA0A2016305500381927 /* main.cpp in Sources */,
			);
			runOnlyForDeploymentPostprocessing = 0;
		};
/* End PBXSourcesBuildPhase section */

/* Begin XCBuildConfiguration section */
		7CBFEA0B2016305500381927 /* Debug */ = {
			isa = XCBuildConfiguration;
			buildSettings = {
				ALWAYS_SEARCH_USER_PATHS = NO;
				CLANG_ANALYZER_NONNULL = YES;
				CLANG_ANALYZER_NUMBER_OBJECT_CONVERSION = YES_AGGRESSIVE;
				CLANG_CXX_LANGUAGE_STANDARD = "gnu++14";
				CLANG_CXX_LIBRARY = "libc++";
				CLANG_ENABLE_MODULES = YES;
				CLANG_ENABLE_OBJC_ARC = YES;
				CLANG_WARN_BLOCK_CAPTURE_AUTORELEASING = YES;
				CLANG_WARN_BOOL_CONVERSION = YES;
				CLANG_WARN_COMMA = YES;
				CLANG_WARN_CONSTANT_CONVERSION = YES;
				CLANG_WARN_DIRECT_OBJC_ISA_USAGE = YES_ERROR;
				CLANG_WARN_DOCUMENTATION_COMMENTS = YES;
				CLANG_WARN_EMPTY_BODY = YES;
				CLANG_WARN_ENUM_CONVERSION = YES;
				CLANG_WARN_INFINITE_RECURSION = YES;
				CLANG_WARN_INT_CONVERSION = YES;
				CLANG_WARN_NON_LITERAL_NULL_CONVERSION = YES;
				CLANG_WARN_OBJC_LITERAL_CONVERSION = YES;
				CLANG_WARN_OBJC_ROOT_CLASS = YES_ERROR;
				CLANG_WARN_RANGE_LOOP_ANALYSIS = YES;
				CLANG_WARN_STRICT_PROTOTYPES = YES;
				CLANG_WARN_SUSPICIOUS_MOVE = YES;
				CLANG_WARN_UNGUARDED_AVAILABILITY = YES_AGGRESSIVE;
				CLANG_WARN_UNREACHABLE_CODE = YES;
				CLANG_WARN__DUPLICATE_METHOD_MATCH = YES;
				CODE_SIGN_IDENTITY = "-";
				COPY_PHASE_STRIP = NO;
				DEBUG_INFORMATION_FORMAT = dwarf;
				ENABLE_STRICT_OBJC_MSGSEND = YES;
				ENABLE_TESTABILITY = YES;
				GCC_C_LANGUAGE_STANDARD = gnu11;
				GCC_DYNAMIC_NO_PIC = NO;
				GCC_NO_COMMON_BLOCKS = YES;
				GCC_OPTIMIZATION_LEVEL = 0;
				GCC_PREPROCESSOR_DEFINITIONS = (
					"DEBUG=1",
					"$(inherited)",
				);
				GCC_WARN_64_TO_32_BIT_CONVERSION = YES;
				GCC_WARN_ABOUT_RETURN_TYPE = YES_ERROR;
				GCC_WARN_UNDECLARED_SELECTOR = YES;
				GCC_WARN_UNINITIALIZED_AUTOS = YES_AGGRESSIVE;
				GCC_WARN_UNUSED_FUNCTION = YES;
				GCC_WARN_UNUSED_VARIABLE = YES;
				MACOSX_DEPLOYMENT_TARGET = 10.13;
				MTL_ENABLE_DEBUG_INFO = YES;
				ONLY_ACTIVE_ARCH = YES;
				SDKROOT = macosx;
			};
			name = Debug;
		};
		7CBFEA0C2016305500381927 /* Release */ = {
			isa = XCBuildConfiguration;
			buildSettings = {
				ALWAYS_SEARCH_USER_PATHS = NO;
				CLANG_ANALYZER_NONNULL = YES;
				CLANG_ANALYZER_NUMBER_OBJECT_CONVERSION = YES_AGGRESSIVE;
				CLANG_CXX_LANGUAGE_STANDARD = "gnu++14";
				CLANG_CXX_LIBRARY = "libc++";
				CLANG_ENABLE_MODULES = YES;
				CLANG_ENABLE_OBJC_ARC = YES;
				CLANG_WARN_BLOCK_CAPTURE_AUTORELEASING = YES;
				CLANG_WARN_BOOL_CONVERSION = YES;
				CLANG_WARN_COMMA = YES;
				CLANG_WARN_CONSTANT_CONVERSION = YES;
				CLANG_WARN_DIRECT_OBJC_ISA_USAGE = YES_ERROR;
				CLANG_WARN_DOCUMENTATION_COMMENTS = YES;
				CLANG_WARN_EMPTY_BODY = YES;
				CLANG_WARN_ENUM_CONVERSION = YES;
				CLANG_WARN_INFINITE_RECURSION = YES;
				CLANG_WARN_INT_CONVERSION = YES;
				CLANG_WARN_NON_LITERAL_NULL_CONVERSION = YES;
				CLANG_WARN_OBJC_LITERAL_CONVERSION = YES;
				CLANG_WARN_OBJC_ROOT_CLASS = YES_ERROR;
				CLANG_WARN_RANGE_LOOP_ANALYSIS = YES;
				CLANG_WARN_STRICT_PROTOTYPES = YES;
				CLANG_WARN_SUSPICIOUS_MOVE = YES;
				CLANG_WARN_UNGUARDED_AVAILABILITY = YES_AGGRESSIVE;
				CLANG_WARN_UNREACHABLE_CODE = YES;
				CLANG_WARN__DUPLICATE_METHOD_MATCH = YES;
				CODE_SIGN_IDENTITY = "-";
				COPY_PHASE_STRIP = NO;
				DEBUG_INFORMATION_FORMAT = "dwarf-with-dsym";
				ENABLE_NS_ASSERTIONS = NO;
				ENABLE_STRICT_OBJC_MSGSEND = YES;
				GCC_C_LANGUAGE_STANDARD = gnu11;
				GCC_NO_COMMON_BLOCKS = YES;
				GCC_WARN_64_TO_32_BIT_CONVERSION = YES;
				GCC_WARN_ABOUT_RETURN_TYPE = YES_ERROR;
				GCC_WARN_UNDECLARED_SELECTOR = YES;
				GCC_WARN_UNINITIALIZED_AUTOS = YES_AGGRESSIVE;
				GCC_WARN_UNUSED_FUNCTION = YES;
				GCC_WARN_UNUSED_VARIABLE = YES;
				MACOSX_DEPLOYMENT_TARGET = 10.13;
				MTL_ENABLE_DEBUG_INFO = NO;
				SDKROOT = macosx;
			};
			name = Release;
		};
		7CBFEA0E2016305500381927 /* Debug */ = {
			isa = XCBuildConfiguration;
			buildSettings = {
				CODE_SIGN_STYLE = Automatic;
				HEADER_SEARCH_PATHS = "";
				LIBRARY_SEARCH_PATHS = /usr/local/lib;
				PRODUCT_NAME = "$(TARGET_NAME)";
				USER_HEADER_SEARCH_PATHS = /usr/local/include;
			};
			name = Debug;
		};
		7CBFEA0F2016305500381927 /* Release */ = {
			isa = XCBuildConfiguration;
			buildSettings = {
				CODE_SIGN_STYLE = Automatic;
				HEADER_SEARCH_PATHS = "";
				LIBRARY_SEARCH_PATHS = /usr/local/lib;
				PRODUCT_NAME = "$(TARGET_NAME)";
				USER_HEADER_SEARCH_PATHS = /usr/local/include;
			};
			name = Release;
		};
/* End XCBuildConfiguration section */

/* Begin XCConfigurationList section */
		7CBFEA012016305500381927 /* Build configuration list for PBXProject "Poco_Http_server" */ = {
			isa = XCConfigurationList;
			buildConfigurations = (
				7CBFEA0B2016305500381927 /* Debug */,
				7CBFEA0C2016305500381927 /* Release */,
			);
			defaultConfigurationIsVisible = 0;
			defaultConfigurationName = Release;
		};
		7CBFEA0D2016305500381927 /* Build configuration list for PBXNativeTarget "Poco_Http_server" */ = {
			isa = XCConfigurationList;
			buildConfigurations = (
				7CBFEA0E2016305500381927 /* Debug */,
				7CBFEA0F2016305500381927 /* Release */,
			);
			defaultConfigurationIsVisible = 0;
			defaultConfigurationName = Release;
		};
/* End XCConfigurationList section */
	};
	rootObject = 7CBFE9FE2016305500381927 /* Project object */;
}
